{
  "nodes": {
    "cpp-channel": {
      "flake": false,
      "locked": {
        "lastModified": 1698493667,
        "narHash": "sha256-h5YMH4WVPNkygsG0RdexWDmFo2lfekCp5nvSMoQIkDg=",
        "owner": "andreiavrammsd",
        "repo": "cpp-channel",
        "rev": "2cfe2c2d3ef5055f694e2df2301220b8ed5f7855",
        "type": "github"
      },
      "original": {
        "owner": "andreiavrammsd",
        "repo": "cpp-channel",
        "type": "github"
      }
    },
    "flake-utils": {
      "inputs": {
        "systems": "systems"
      },
      "locked": {
        "lastModified": 1701680307,
        "narHash": "sha256-kAuep2h5ajznlPMD9rnQyffWG8EM/C73lejGofXvdM8=",
        "owner": "numtide",
        "repo": "flake-utils",
        "rev": "4022d587cbbfd70fe950c1e2083a02621806a725",
        "type": "github"
      },
      "original": {
        "owner": "numtide",
        "repo": "flake-utils",
        "type": "github"
      }
    },
    "nixpkgs": {
      "locked": {
        "lastModified": 1704148149,
        "narHash": "sha256-E/a6sBOeElprD2eKkDnPNjtEfbKqu04HL1z0Cedd5ps=",
        "owner": "nixos",
        "repo": "nixpkgs",
        "rev": "69d698d6239b4533d85862f09949dd10f9fe8ab7",
        "type": "github"
      },
      "original": {
        "owner": "nixos",
        "repo": "nixpkgs",
        "type": "github"
      }
    },
    "root": {
      "inputs": {
        "cpp-channel": "cpp-channel",
        "flake-utils": "flake-utils",
        "nixpkgs": "nixpkgs"
      }
    },
    "systems": {
      "locked": {
        "lastModified": 1681028828,
        "narHash": "sha256-Vy1rq5AaRuLzOxct8nz4T6wlgyUR7zLU309k9mBC768=",
        "owner": "nix-systems",
        "repo": "default",
        "rev": "da67096a3b9bf56a91d16901293e51ba5b49a27e",
        "type": "github"
      },
      "original": {
        "owner": "nix-systems",
        "repo": "default",
        "type": "github"
      }
    }
  },
  "root": "root",
  "version": 7
}
